
Microsoft Visual Studio Solution File, Format Version 12.00
# Visual Studio 15
VisualStudioVersion = 15.0.28307.572
MinimumVisualStudioVersion = 10.0.40219.1
Project("{8BC9CEB8-8B4A-11D0-8D11-00A0C91BC942}") = "miniSQL", "miniSQL\miniSQL.vcxproj", "{0C4C2A85-AE24-4E78-AE23-AD150E30C5AA}"
EndProject
Project("{8BC9CEB8-8B4A-11D0-8D11-00A0C91BC942}") = "BPTree", "BPTree\BPTree.vcxproj", "{C7245036-8D6E-4AE4-8D25-DB74DDFC1A69}"
EndProject
Project("{8BC9CEB8-8B4A-11D0-8D11-00A0C91BC942}") = "IndexManager", "IndexManager\IndexManager.vcxproj", "{D08C919A-49B6-4EAB-95CF-0CDA2551A33B}"
EndProject
Project("{8BC9CEB8-8B4A-11D0-8D11-00A0C91BC942}") = "BufferManager", "BufferManager\BufferManager.vcxproj", "{5B31C7D3-39CD-4A0C-AE16-1946288A841C}"
EndProject
Project("{8BC9CEB8-8B4A-11D0-8D11-00A0C91BC942}") = "interpreter", "interpreter\interpreter.vcxproj", "{58F9E8D6-D50C-43AC-A814-D3AF9718D912}"
EndProject
Project("{8BC9CEB8-8B4A-11D0-8D11-00A0C91BC942}") = "catalog", "catalog\catalog.vcxproj", "{3CE8717B-C8CE-4CDA-8A0B-1BD2FF4C1DEE}"
EndProject
Global
	GlobalSection(SolutionConfigurationPlatforms) = preSolution
		Debug|x64 = Debug|x64
		Debug|x86 = Debug|x86
		Release|x64 = Release|x64
		Release|x86 = Release|x86
	EndGlobalSection
	GlobalSection(ProjectConfigurationPlatforms) = postSolution
		{0C4C2A85-AE24-4E78-AE23-AD150E30C5AA}.Debug|x64.ActiveCfg = Debug|x64
		{0C4C2A85-AE24-4E78-AE23-AD150E30C5AA}.Debug|x64.Build.0 = Debug|x64
		{0C4C2A85-AE24-4E78-AE23-AD150E30C5AA}.Debug|x86.ActiveCfg = Debug|Win32
		{0C4C2A85-AE24-4E78-AE23-AD150E30C5AA}.Debug|x86.Build.0 = Debug|Win32
		{0C4C2A85-AE24-4E78-AE23-AD150E30C5AA}.Release|x64.ActiveCfg = Release|x64
		{0C4C2A85-AE24-4E78-AE23-AD150E30C5AA}.Release|x64.Build.0 = Release|x64
		{0C4C2A85-AE24-4E78-AE23-AD150E30C5AA}.Release|x86.ActiveCfg = Release|Win32
		{0C4C2A85-AE24-4E78-AE23-AD150E30C5AA}.Release|x86.Build.0 = Release|Win32
		{C7245036-8D6E-4AE4-8D25-DB74DDFC1A69}.Debug|x64.ActiveCfg = Debug|x64
		{C7245036-8D6E-4AE4-8D25-DB74DDFC1A69}.Debug|x64.Build.0 = Debug|x64
		{C7245036-8D6E-4AE4-8D25-DB74DDFC1A69}.Debug|x86.ActiveCfg = Debug|Win32
		{C7245036-8D6E-4AE4-8D25-DB74DDFC1A69}.Debug|x86.Build.0 = Debug|Win32
		{C7245036-8D6E-4AE4-8D25-DB74DDFC1A69}.Release|x64.ActiveCfg = Release|x64
		{C7245036-8D6E-4AE4-8D25-DB74DDFC1A69}.Release|x64.Build.0 = Release|x64
		{C7245036-8D6E-4AE4-8D25-DB74DDFC1A69}.Release|x86.ActiveCfg = Release|Win32
		{C7245036-8D6E-4AE4-8D25-DB74DDFC1A69}.Release|x86.Build.0 = Release|Win32
		{D08C919A-49B6-4EAB-95CF-0CDA2551A33B}.Debug|x64.ActiveCfg = Debug|x64
		{D08C919A-49B6-4EAB-95CF-0CDA2551A33B}.Debug|x64.Build.0 = Debug|x64
		{D08C919A-49B6-4EAB-95CF-0CDA2551A33B}.Debug|x86.ActiveCfg = Debug|Win32
		{D08C919A-49B6-4EAB-95CF-0CDA2551A33B}.Debug|x86.Build.0 = Debug|Win32
		{D08C919A-49B6-4EAB-95CF-0CDA2551A33B}.Release|x64.ActiveCfg = Release|x64
		{D08C919A-49B6-4EAB-95CF-0CDA2551A33B}.Release|x64.Build.0 = Release|x64
		{D08C919A-49B6-4EAB-95CF-0CDA2551A33B}.Release|x86.ActiveCfg = Release|Win32
		{D08C919A-49B6-4EAB-95CF-0CDA2551A33B}.Release|x86.Build.0 = Release|Win32
		{5B31C7D3-39CD-4A0C-AE16-1946288A841C}.Debug|x64.ActiveCfg = Debug|x64
		{5B31C7D3-39CD-4A0C-AE16-1946288A841C}.Debug|x64.Build.0 = Debug|x64
		{5B31C7D3-39CD-4A0C-AE16-1946288A841C}.Debug|x86.ActiveCfg = Debug|Win32
		{5B31C7D3-39CD-4A0C-AE16-1946288A841C}.Debug|x86.Build.0 = Debug|Win32
		{5B31C7D3-39CD-4A0C-AE16-1946288A841C}.Release|x64.ActiveCfg = Release|x64
		{5B31C7D3-39CD-4A0C-AE16-1946288A841C}.Release|x64.Build.0 = Release|x64
		{5B31C7D3-39CD-4A0C-AE16-1946288A841C}.Release|x86.ActiveCfg = Release|Win32
		{5B31C7D3-39CD-4A0C-AE16-1946288A841C}.Release|x86.Build.0 = Release|Win32
		{58F9E8D6-D50C-43AC-A814-D3AF9718D912}.Debug|x64.ActiveCfg = Debug|x64
		{58F9E8D6-D50C-43AC-A814-D3AF9718D912}.Debug|x64.Build.0 = Debug|x64
		{58F9E8D6-D50C-43AC-A814-D3AF9718D912}.Debug|x86.ActiveCfg = Debug|Win32
		{58F9E8D6-D50C-43AC-A814-D3AF9718D912}.Debug|x86.Build.0 = Debug|Win32
		{58F9E8D6-D50C-43AC-A814-D3AF9718D912}.Release|x64.ActiveCfg = Release|x64
		{58F9E8D6-D50C-43AC-A814-D3AF9718D912}.Release|x64.Build.0 = Release|x64
		{58F9E8D6-D50C-43AC-A814-D3AF9718D912}.Release|x86.ActiveCfg = Release|Win32
		{58F9E8D6-D50C-43AC-A814-D3AF9718D912}.Release|x86.Build.0 = Release|Win32
		{3CE8717B-C8CE-4CDA-8A0B-1BD2FF4C1DEE}.Debug|x64.ActiveCfg = Debug|x64
		{3CE8717B-C8CE-4CDA-8A0B-1BD2FF4C1DEE}.Debug|x64.Build.0 = Debug|x64
		{3CE8717B-C8CE-4CDA-8A0B-1BD2FF4C1DEE}.Debug|x86.ActiveCfg = Debug|Win32
		{3CE8717B-C8CE-4CDA-8A0B-1BD2FF4C1DEE}.Debug|x86.Build.0 = Debug|Win32
		{3CE8717B-C8CE-4CDA-8A0B-1BD2FF4C1DEE}.Release|x64.ActiveCfg = Release|x64
		{3CE8717B-C8CE-4CDA-8A0B-1BD2FF4C1DEE}.Release|x64.Build.0 = Release|x64
		{3CE8717B-C8CE-4CDA-8A0B-1BD2FF4C1DEE}.Release|x86.ActiveCfg = Release|Win32
		{3CE8717B-C8CE-4CDA-8A0B-1BD2FF4C1DEE}.Release|x86.Build.0 = Release|Win32
	EndGlobalSection
	GlobalSection(SolutionProperties) = preSolution
		HideSolutionNode = FALSE
	EndGlobalSection
	GlobalSection(ExtensibilityGlobals) = postSolution
		SolutionGuid = {B0F1EA1F-EC3B-4A33-8AD0-1732EDA5168C}
	EndGlobalSection
EndGlobal
